
Microsoft Visual Studio Solution File, Format Version 12.00
# Visual Studio Version 16
VisualStudioVersion = 16.0.29230.47
MinimumVisualStudioVersion = 10.0.40219.1
Project("{FAE04EC0-301F-11D3-BF4B-00C04F79EFBC}") = "MyStruct2", "MyStruct2.csproj", "{C2D50B65-3B28-4130-8E97-B024B8AD6719}"
EndProject
Global
	GlobalSection(SolutionConfigurationPlatforms) = preSolution
		Debug|Any CPU = Debug|Any CPU
		Release|Any CPU = Release|Any CPU
	EndGlobalSection
	GlobalSection(ProjectConfigurationPlatforms) = postSolution
		{C2D50B65-3B28-4130-8E97-B024B8AD6719}.Debug|Any CPU.ActiveCfg = Debug|Any CPU
		{C2D50B65-3B28-4130-8E97-B024B8AD6719}.Debug|Any CPU.Build.0 = Debug|Any CPU
		{C2D50B65-3B28-4130-8E97-B024B8AD6719}.Release|Any CPU.ActiveCfg = Release|Any CPU
		{C2D50B65-3B28-4130-8E97-B024B8AD6719}.Release|Any CPU.Build.0 = Release|Any CPU
	EndGlobalSection
	GlobalSection(SolutionProperties) = preSolution
		HideSolutionNode = FALSE
	EndGlobalSection
	GlobalSection(ExtensibilityGlobals) = postSolution
		SolutionGuid = {C09935C6-2B0C-491D-B69C-A2D860D9E6C7}
	EndGlobalSection
EndGlobal
