
Microsoft Visual Studio Solution File, Format Version 12.00
# Visual Studio Version 16
VisualStudioVersion = 16.0.29230.47
MinimumVisualStudioVersion = 10.0.40219.1
Project("{FAE04EC0-301F-11D3-BF4B-00C04F79EFBC}") = "MyFor", "MyFor.csproj", "{D52048C8-9F5D-425C-8F23-8F96DB1488ED}"
EndProject
Global
	GlobalSection(SolutionConfigurationPlatforms) = preSolution
		Debug|Any CPU = Debug|Any CPU
		Release|Any CPU = Release|Any CPU
	EndGlobalSection
	GlobalSection(ProjectConfigurationPlatforms) = postSolution
		{D52048C8-9F5D-425C-8F23-8F96DB1488ED}.Debug|Any CPU.ActiveCfg = Debug|Any CPU
		{D52048C8-9F5D-425C-8F23-8F96DB1488ED}.Debug|Any CPU.Build.0 = Debug|Any CPU
		{D52048C8-9F5D-425C-8F23-8F96DB1488ED}.Release|Any CPU.ActiveCfg = Release|Any CPU
		{D52048C8-9F5D-425C-8F23-8F96DB1488ED}.Release|Any CPU.Build.0 = Release|Any CPU
	EndGlobalSection
	GlobalSection(SolutionProperties) = preSolution
		HideSolutionNode = FALSE
	EndGlobalSection
	GlobalSection(ExtensibilityGlobals) = postSolution
		SolutionGuid = {C2D59C34-1690-476F-91B3-A41E32D654CB}
	EndGlobalSection
EndGlobal
