
Microsoft Visual Studio Solution File, Format Version 12.00
# Visual Studio Version 16
VisualStudioVersion = 16.0.29230.47
MinimumVisualStudioVersion = 10.0.40219.1
Project("{FAE04EC0-301F-11D3-BF4B-00C04F79EFBC}") = "MyInterfaceSegregationPrinciple2", "MyInterfaceSegregationPrinciple2.csproj", "{D2E96C7E-8534-4EB6-AB58-47204304D3FA}"
EndProject
Global
	GlobalSection(SolutionConfigurationPlatforms) = preSolution
		Debug|Any CPU = Debug|Any CPU
		Release|Any CPU = Release|Any CPU
	EndGlobalSection
	GlobalSection(ProjectConfigurationPlatforms) = postSolution
		{D2E96C7E-8534-4EB6-AB58-47204304D3FA}.Debug|Any CPU.ActiveCfg = Debug|Any CPU
		{D2E96C7E-8534-4EB6-AB58-47204304D3FA}.Debug|Any CPU.Build.0 = Debug|Any CPU
		{D2E96C7E-8534-4EB6-AB58-47204304D3FA}.Release|Any CPU.ActiveCfg = Release|Any CPU
		{D2E96C7E-8534-4EB6-AB58-47204304D3FA}.Release|Any CPU.Build.0 = Release|Any CPU
	EndGlobalSection
	GlobalSection(SolutionProperties) = preSolution
		HideSolutionNode = FALSE
	EndGlobalSection
	GlobalSection(ExtensibilityGlobals) = postSolution
		SolutionGuid = {C94C8507-5E79-41C7-83B3-ABA4E69F13F1}
	EndGlobalSection
EndGlobal
