
Microsoft Visual Studio Solution File, Format Version 12.00
# Visual Studio Version 16
VisualStudioVersion = 16.0.29230.47
MinimumVisualStudioVersion = 10.0.40219.1
Project("{FAE04EC0-301F-11D3-BF4B-00C04F79EFBC}") = "MyLoop", "MyLoop.csproj", "{5D608077-93CE-40BB-BD03-0B30BE628AED}"
EndProject
Global
	GlobalSection(SolutionConfigurationPlatforms) = preSolution
		Debug|Any CPU = Debug|Any CPU
		Release|Any CPU = Release|Any CPU
	EndGlobalSection
	GlobalSection(ProjectConfigurationPlatforms) = postSolution
		{5D608077-93CE-40BB-BD03-0B30BE628AED}.Debug|Any CPU.ActiveCfg = Debug|Any CPU
		{5D608077-93CE-40BB-BD03-0B30BE628AED}.Debug|Any CPU.Build.0 = Debug|Any CPU
		{5D608077-93CE-40BB-BD03-0B30BE628AED}.Release|Any CPU.ActiveCfg = Release|Any CPU
		{5D608077-93CE-40BB-BD03-0B30BE628AED}.Release|Any CPU.Build.0 = Release|Any CPU
	EndGlobalSection
	GlobalSection(SolutionProperties) = preSolution
		HideSolutionNode = FALSE
	EndGlobalSection
	GlobalSection(ExtensibilityGlobals) = postSolution
		SolutionGuid = {2BD2FC49-2955-4379-A201-95E42F16F6B1}
	EndGlobalSection
EndGlobal
