
Microsoft Visual Studio Solution File, Format Version 12.00
# Visual Studio Version 16
VisualStudioVersion = 16.0.29230.47
MinimumVisualStudioVersion = 10.0.40219.1
Project("{FAE04EC0-301F-11D3-BF4B-00C04F79EFBC}") = "MyTryCatch", "MyTryCatch.csproj", "{047E1A81-06DE-4DCC-B241-23A8CBB9986F}"
EndProject
Global
	GlobalSection(SolutionConfigurationPlatforms) = preSolution
		Debug|Any CPU = Debug|Any CPU
		Release|Any CPU = Release|Any CPU
	EndGlobalSection
	GlobalSection(ProjectConfigurationPlatforms) = postSolution
		{047E1A81-06DE-4DCC-B241-23A8CBB9986F}.Debug|Any CPU.ActiveCfg = Debug|Any CPU
		{047E1A81-06DE-4DCC-B241-23A8CBB9986F}.Debug|Any CPU.Build.0 = Debug|Any CPU
		{047E1A81-06DE-4DCC-B241-23A8CBB9986F}.Release|Any CPU.ActiveCfg = Release|Any CPU
		{047E1A81-06DE-4DCC-B241-23A8CBB9986F}.Release|Any CPU.Build.0 = Release|Any CPU
	EndGlobalSection
	GlobalSection(SolutionProperties) = preSolution
		HideSolutionNode = FALSE
	EndGlobalSection
	GlobalSection(ExtensibilityGlobals) = postSolution
		SolutionGuid = {084D9383-8363-45D5-85E1-232D6543F7A8}
	EndGlobalSection
EndGlobal
