
Microsoft Visual Studio Solution File, Format Version 12.00
# Visual Studio Version 16
VisualStudioVersion = 16.0.29230.47
MinimumVisualStudioVersion = 10.0.40219.1
Project("{FAE04EC0-301F-11D3-BF4B-00C04F79EFBC}") = "MyVirtualOverride", "MyVirtualOverride.csproj", "{5A35AF22-4C4F-4B03-ADE4-6F80369752F7}"
EndProject
Global
	GlobalSection(SolutionConfigurationPlatforms) = preSolution
		Debug|Any CPU = Debug|Any CPU
		Release|Any CPU = Release|Any CPU
	EndGlobalSection
	GlobalSection(ProjectConfigurationPlatforms) = postSolution
		{5A35AF22-4C4F-4B03-ADE4-6F80369752F7}.Debug|Any CPU.ActiveCfg = Debug|Any CPU
		{5A35AF22-4C4F-4B03-ADE4-6F80369752F7}.Debug|Any CPU.Build.0 = Debug|Any CPU
		{5A35AF22-4C4F-4B03-ADE4-6F80369752F7}.Release|Any CPU.ActiveCfg = Release|Any CPU
		{5A35AF22-4C4F-4B03-ADE4-6F80369752F7}.Release|Any CPU.Build.0 = Release|Any CPU
	EndGlobalSection
	GlobalSection(SolutionProperties) = preSolution
		HideSolutionNode = FALSE
	EndGlobalSection
	GlobalSection(ExtensibilityGlobals) = postSolution
		SolutionGuid = {D03E07A8-5873-47D6-B9F8-BEBD9C5C20F7}
	EndGlobalSection
EndGlobal
