
Microsoft Visual Studio Solution File, Format Version 12.00
# Visual Studio Version 16
VisualStudioVersion = 16.0.29230.47
MinimumVisualStudioVersion = 10.0.40219.1
Project("{FAE04EC0-301F-11D3-BF4B-00C04F79EFBC}") = "MyEvent", "MyEvent.csproj", "{68183F74-B13F-42B0-BE46-8ACC254DD0A2}"
EndProject
Global
	GlobalSection(SolutionConfigurationPlatforms) = preSolution
		Debug|Any CPU = Debug|Any CPU
		Release|Any CPU = Release|Any CPU
	EndGlobalSection
	GlobalSection(ProjectConfigurationPlatforms) = postSolution
		{68183F74-B13F-42B0-BE46-8ACC254DD0A2}.Debug|Any CPU.ActiveCfg = Debug|Any CPU
		{68183F74-B13F-42B0-BE46-8ACC254DD0A2}.Debug|Any CPU.Build.0 = Debug|Any CPU
		{68183F74-B13F-42B0-BE46-8ACC254DD0A2}.Release|Any CPU.ActiveCfg = Release|Any CPU
		{68183F74-B13F-42B0-BE46-8ACC254DD0A2}.Release|Any CPU.Build.0 = Release|Any CPU
	EndGlobalSection
	GlobalSection(SolutionProperties) = preSolution
		HideSolutionNode = FALSE
	EndGlobalSection
	GlobalSection(ExtensibilityGlobals) = postSolution
		SolutionGuid = {068DAE58-2DCB-4466-B000-1FE484A2B2C0}
	EndGlobalSection
EndGlobal
